github.com/aws/aws-lambda-go v1.51.2 h1:U4cuQ52dOLUV0t72TCspLEnWob6jkwTfjIrXr5LE3/c=
github.com/aws/aws-lambda-go v1.51.2/go.mod h1:dpMpZgvWx5vuQJfBt0zqBha60q7Dd7RfgJv23DymV8A=
github.com/line/line-bot-sdk-go/v8 v8.18.0 h1:YbkGTFixMwTFtWhWwdu6lExbkuQGUCFHukLtC7YeMO4=
github.com/line/line-bot-sdk-go/v8 v8.18.0/go.mod h1:AeSRUuu7WGgveGDJb6DyKyFUOst2UB2aF6LO2cQeuXs=
